
Microsoft Visual Studio Solution File, Format Version 12.00
# Visual Studio 14
VisualStudioVersion = 14.0.25420.1
MinimumVisualStudioVersion = 10.0.40219.1
Project("{8BC9CEB8-8B4A-11D0-8D11-00A0C91BC942}") = "WuQuant", "WuQuant\WuQuant.vcxproj", "{31CD3032-1A51-4656-9038-C04850D15FA5}"
EndProject
Project("{8BC9CEB8-8B4A-11D0-8D11-00A0C91BC942}") = "TestApp", "TestApp\TestApp.vcxproj", "{614BF694-212E-4EF5-BBE5-4138EC20C0E9}"
	ProjectSection(ProjectDependencies) = postProject
		{31CD3032-1A51-4656-9038-C04850D15FA5} = {31CD3032-1A51-4656-9038-C04850D15FA5}
	EndProjectSection
EndProject
Project("{FAE04EC0-301F-11D3-BF4B-00C04F79EFBC}") = "WuQuantWrapTest", "WuQuantWrapTest\WuQuantWrapTest.csproj", "{3DCB0D09-B245-4B08-8B12-86E8CE1DE97B}"
	ProjectSection(ProjectDependencies) = postProject
		{31CD3032-1A51-4656-9038-C04850D15FA5} = {31CD3032-1A51-4656-9038-C04850D15FA5}
	EndProjectSection
EndProject
Project("{FAE04EC0-301F-11D3-BF4B-00C04F79EFBC}") = "WuQuantNet", "WuQuantNet\WuQuantNet.csproj", "{1A079BE0-5BD3-4216-B7BE-1B0B15712BC0}"
EndProject
Global
	GlobalSection(SolutionConfigurationPlatforms) = preSolution
		Debug|Any CPU = Debug|Any CPU
		Debug|x64 = Debug|x64
		Debug|x86 = Debug|x86
		Release|Any CPU = Release|Any CPU
		Release|x64 = Release|x64
		Release|x86 = Release|x86
	EndGlobalSection
	GlobalSection(ProjectConfigurationPlatforms) = postSolution
		{31CD3032-1A51-4656-9038-C04850D15FA5}.Debug|Any CPU.ActiveCfg = Debug|Win32
		{31CD3032-1A51-4656-9038-C04850D15FA5}.Debug|x64.ActiveCfg = Debug|x64
		{31CD3032-1A51-4656-9038-C04850D15FA5}.Debug|x64.Build.0 = Debug|x64
		{31CD3032-1A51-4656-9038-C04850D15FA5}.Debug|x86.ActiveCfg = Debug|Win32
		{31CD3032-1A51-4656-9038-C04850D15FA5}.Debug|x86.Build.0 = Debug|Win32
		{31CD3032-1A51-4656-9038-C04850D15FA5}.Release|Any CPU.ActiveCfg = Release|Win32
		{31CD3032-1A51-4656-9038-C04850D15FA5}.Release|x64.ActiveCfg = Release|x64
		{31CD3032-1A51-4656-9038-C04850D15FA5}.Release|x64.Build.0 = Release|x64
		{31CD3032-1A51-4656-9038-C04850D15FA5}.Release|x86.ActiveCfg = Release|Win32
		{31CD3032-1A51-4656-9038-C04850D15FA5}.Release|x86.Build.0 = Release|Win32
		{614BF694-212E-4EF5-BBE5-4138EC20C0E9}.Debug|Any CPU.ActiveCfg = Debug|Win32
		{614BF694-212E-4EF5-BBE5-4138EC20C0E9}.Debug|x64.ActiveCfg = Debug|x64
		{614BF694-212E-4EF5-BBE5-4138EC20C0E9}.Debug|x64.Build.0 = Debug|x64
		{614BF694-212E-4EF5-BBE5-4138EC20C0E9}.Debug|x86.ActiveCfg = Debug|Win32
		{614BF694-212E-4EF5-BBE5-4138EC20C0E9}.Debug|x86.Build.0 = Debug|Win32
		{614BF694-212E-4EF5-BBE5-4138EC20C0E9}.Release|Any CPU.ActiveCfg = Release|Win32
		{614BF694-212E-4EF5-BBE5-4138EC20C0E9}.Release|x64.ActiveCfg = Release|x64
		{614BF694-212E-4EF5-BBE5-4138EC20C0E9}.Release|x64.Build.0 = Release|x64
		{614BF694-212E-4EF5-BBE5-4138EC20C0E9}.Release|x86.ActiveCfg = Release|Win32
		{614BF694-212E-4EF5-BBE5-4138EC20C0E9}.Release|x86.Build.0 = Release|Win32
		{3DCB0D09-B245-4B08-8B12-86E8CE1DE97B}.Debug|Any CPU.ActiveCfg = Debug|Any CPU
		{3DCB0D09-B245-4B08-8B12-86E8CE1DE97B}.Debug|Any CPU.Build.0 = Debug|Any CPU
		{3DCB0D09-B245-4B08-8B12-86E8CE1DE97B}.Debug|x64.ActiveCfg = Debug|x64
		{3DCB0D09-B245-4B08-8B12-86E8CE1DE97B}.Debug|x64.Build.0 = Debug|x64
		{3DCB0D09-B245-4B08-8B12-86E8CE1DE97B}.Debug|x86.ActiveCfg = Debug|x86
		{3DCB0D09-B245-4B08-8B12-86E8CE1DE97B}.Debug|x86.Build.0 = Debug|x86
		{3DCB0D09-B245-4B08-8B12-86E8CE1DE97B}.Release|Any CPU.ActiveCfg = Release|Any CPU
		{3DCB0D09-B245-4B08-8B12-86E8CE1DE97B}.Release|Any CPU.Build.0 = Release|Any CPU
		{3DCB0D09-B245-4B08-8B12-86E8CE1DE97B}.Release|x64.ActiveCfg = Release|x64
		{3DCB0D09-B245-4B08-8B12-86E8CE1DE97B}.Release|x64.Build.0 = Release|x64
		{3DCB0D09-B245-4B08-8B12-86E8CE1DE97B}.Release|x86.ActiveCfg = Release|x86
		{3DCB0D09-B245-4B08-8B12-86E8CE1DE97B}.Release|x86.Build.0 = Release|x86
		{1A079BE0-5BD3-4216-B7BE-1B0B15712BC0}.Debug|Any CPU.ActiveCfg = Debug|Any CPU
		{1A079BE0-5BD3-4216-B7BE-1B0B15712BC0}.Debug|Any CPU.Build.0 = Debug|Any CPU
		{1A079BE0-5BD3-4216-B7BE-1B0B15712BC0}.Debug|x64.ActiveCfg = Debug|Any CPU
		{1A079BE0-5BD3-4216-B7BE-1B0B15712BC0}.Debug|x64.Build.0 = Debug|Any CPU
		{1A079BE0-5BD3-4216-B7BE-1B0B15712BC0}.Debug|x86.ActiveCfg = Debug|Any CPU
		{1A079BE0-5BD3-4216-B7BE-1B0B15712BC0}.Debug|x86.Build.0 = Debug|Any CPU
		{1A079BE0-5BD3-4216-B7BE-1B0B15712BC0}.Release|Any CPU.ActiveCfg = Release|Any CPU
		{1A079BE0-5BD3-4216-B7BE-1B0B15712BC0}.Release|Any CPU.Build.0 = Release|Any CPU
		{1A079BE0-5BD3-4216-B7BE-1B0B15712BC0}.Release|x64.ActiveCfg = Release|Any CPU
		{1A079BE0-5BD3-4216-B7BE-1B0B15712BC0}.Release|x64.Build.0 = Release|Any CPU
		{1A079BE0-5BD3-4216-B7BE-1B0B15712BC0}.Release|x86.ActiveCfg = Release|Any CPU
		{1A079BE0-5BD3-4216-B7BE-1B0B15712BC0}.Release|x86.Build.0 = Release|Any CPU
	EndGlobalSection
	GlobalSection(SolutionProperties) = preSolution
		HideSolutionNode = FALSE
	EndGlobalSection
EndGlobal
